
Microsoft Visual Studio Solution File, Format Version 12.00
# Visual Studio Version 16
VisualStudioVersion = 16.0.30523.141
MinimumVisualStudioVersion = 10.0.40219.1
Project("{FAE04EC0-301F-11D3-BF4B-00C04F79EFBC}") = "turing", "turing.csproj", "{BF7F4AC8-C531-44CA-BF05-60C1A8A0808C}"
EndProject
Global
	GlobalSection(SolutionConfigurationPlatforms) = preSolution
		Debug|Any CPU = Debug|Any CPU
		Release|Any CPU = Release|Any CPU
	EndGlobalSection
	GlobalSection(ProjectConfigurationPlatforms) = postSolution
		{BF7F4AC8-C531-44CA-BF05-60C1A8A0808C}.Debug|Any CPU.ActiveCfg = Debug|Any CPU
		{BF7F4AC8-C531-44CA-BF05-60C1A8A0808C}.Debug|Any CPU.Build.0 = Debug|Any CPU
		{BF7F4AC8-C531-44CA-BF05-60C1A8A0808C}.Release|Any CPU.ActiveCfg = Release|Any CPU
		{BF7F4AC8-C531-44CA-BF05-60C1A8A0808C}.Release|Any CPU.Build.0 = Release|Any CPU
	EndGlobalSection
	GlobalSection(SolutionProperties) = preSolution
		HideSolutionNode = FALSE
	EndGlobalSection
	GlobalSection(ExtensibilityGlobals) = postSolution
		SolutionGuid = {B1D941C7-4B50-418E-AC21-02D796D1F13C}
	EndGlobalSection
EndGlobal
