
Microsoft Visual Studio Solution File, Format Version 12.00
# Visual Studio Version 16
VisualStudioVersion = 16.0.30523.141
MinimumVisualStudioVersion = 10.0.40219.1
Project("{FAE04EC0-301F-11D3-BF4B-00C04F79EFBC}") = "determinization", "determinization.csproj", "{3435A8A0-94AA-489B-9317-FD5AEACCC0F0}"
EndProject
Global
	GlobalSection(SolutionConfigurationPlatforms) = preSolution
		Debug|Any CPU = Debug|Any CPU
		Release|Any CPU = Release|Any CPU
	EndGlobalSection
	GlobalSection(ProjectConfigurationPlatforms) = postSolution
		{3435A8A0-94AA-489B-9317-FD5AEACCC0F0}.Debug|Any CPU.ActiveCfg = Debug|Any CPU
		{3435A8A0-94AA-489B-9317-FD5AEACCC0F0}.Debug|Any CPU.Build.0 = Debug|Any CPU
		{3435A8A0-94AA-489B-9317-FD5AEACCC0F0}.Release|Any CPU.ActiveCfg = Release|Any CPU
		{3435A8A0-94AA-489B-9317-FD5AEACCC0F0}.Release|Any CPU.Build.0 = Release|Any CPU
	EndGlobalSection
	GlobalSection(SolutionProperties) = preSolution
		HideSolutionNode = FALSE
	EndGlobalSection
	GlobalSection(ExtensibilityGlobals) = postSolution
		SolutionGuid = {7AC5784D-ACB2-4A9E-B6EF-25B629C4C287}
	EndGlobalSection
EndGlobal
